
Microsoft Visual Studio Solution File, Format Version 12.00
# Visual Studio Version 17
VisualStudioVersion = 17.1.32414.318
MinimumVisualStudioVersion = 10.0.40219.1
Project("{FAE04EC0-301F-11D3-BF4B-00C04F79EFBC}") = "Tic-Tac-Toe - Joel Camero", "Tic-Tac-Toe - Joel Camero\Tic-Tac-Toe - Joel Camero.csproj", "{2C1AD194-ED4D-44FA-93B0-CF5E6FCA05A3}"
EndProject
Global
	GlobalSection(SolutionConfigurationPlatforms) = preSolution
		Debug|Any CPU = Debug|Any CPU
		Release|Any CPU = Release|Any CPU
	EndGlobalSection
	GlobalSection(ProjectConfigurationPlatforms) = postSolution
		{2C1AD194-ED4D-44FA-93B0-CF5E6FCA05A3}.Debug|Any CPU.ActiveCfg = Debug|Any CPU
		{2C1AD194-ED4D-44FA-93B0-CF5E6FCA05A3}.Debug|Any CPU.Build.0 = Debug|Any CPU
		{2C1AD194-ED4D-44FA-93B0-CF5E6FCA05A3}.Release|Any CPU.ActiveCfg = Release|Any CPU
		{2C1AD194-ED4D-44FA-93B0-CF5E6FCA05A3}.Release|Any CPU.Build.0 = Release|Any CPU
	EndGlobalSection
	GlobalSection(SolutionProperties) = preSolution
		HideSolutionNode = FALSE
	EndGlobalSection
	GlobalSection(ExtensibilityGlobals) = postSolution
		SolutionGuid = {9FF12A50-489B-4DED-A9B0-20F1C4263BCB}
	EndGlobalSection
EndGlobal
